// !$*UTF8*$!
{
	archiveVersion = 1;
	classes = {
	};
	objectVersion = 56;
	objects = {

/* Begin PBXBuildFile section */
		8E01CA152C1BB5D1001FA106 /* UIBlockingProgressHUD.swift in Sources */ = {isa = PBXBuildFile; fileRef = 8E01CA142C1BB5D1001FA106 /* UIBlockingProgressHUD.swift */; };
		8E01CA1E2C1C52E5001FA106 /* ProfileService.swift in Sources */ = {isa = PBXBuildFile; fileRef = 8E01CA1D2C1C52E5001FA106 /* ProfileService.swift */; };
		8E01CA292C1FA018001FA106 /* ProfileImageService.swift in Sources */ = {isa = PBXBuildFile; fileRef = 8E01CA282C1FA018001FA106 /* ProfileImageService.swift */; };
		8E2424C92C200890007F3B41 /* ProgressHUD in Frameworks */ = {isa = PBXBuildFile; productRef = 8E2424C82C200890007F3B41 /* ProgressHUD */; };
		8E2C37652C1663AD009C2CCC /* AuthViewController.swift in Sources */ = {isa = PBXBuildFile; fileRef = 8E2C37642C1663AD009C2CCC /* AuthViewController.swift */; };
		8E2C37672C1664BA009C2CCC /* WebViewViewController.swift in Sources */ = {isa = PBXBuildFile; fileRef = 8E2C37662C1664BA009C2CCC /* WebViewViewController.swift */; };
		8E4C65622C24C8C7004A148B /* Kingfisher in Frameworks */ = {isa = PBXBuildFile; productRef = 8E4C65612C24C8C7004A148B /* Kingfisher */; };
		8E4C65652C24D754004A148B /* SwiftKeychainWrapper in Frameworks */ = {isa = PBXBuildFile; productRef = 8E4C65642C24D754004A148B /* SwiftKeychainWrapper */; };
		8E4C656B2C24D9C7004A148B /* TabBarController.swift in Sources */ = {isa = PBXBuildFile; fileRef = 8E4C656A2C24D9C7004A148B /* TabBarController.swift */; };
		8E6765A42BFD476600827FC2 /* Constants.swift in Sources */ = {isa = PBXBuildFile; fileRef = 8E6765A32BFD476600827FC2 /* Constants.swift */; };
		8E81B4A02BF7C79200436CB5 /* ProfileViewController.swift in Sources */ = {isa = PBXBuildFile; fileRef = 8E81B49F2BF7C79200436CB5 /* ProfileViewController.swift */; };
		8E85C6922BE9878600E7BAB7 /* ImagesListCell.swift in Sources */ = {isa = PBXBuildFile; fileRef = 8E85C6912BE9878600E7BAB7 /* ImagesListCell.swift */; };
		8E8ED7FA2C1671FD008D25A7 /* WebViewViewControllerDelegate.swift in Sources */ = {isa = PBXBuildFile; fileRef = 8E8ED7F92C1671FD008D25A7 /* WebViewViewControllerDelegate.swift */; };
		8ECC56052BE436C9008E8A45 /* AppDelegate.swift in Sources */ = {isa = PBXBuildFile; fileRef = 8ECC56042BE436C9008E8A45 /* AppDelegate.swift */; };
		8ECC56072BE436C9008E8A45 /* SceneDelegate.swift in Sources */ = {isa = PBXBuildFile; fileRef = 8ECC56062BE436C9008E8A45 /* SceneDelegate.swift */; };
		8ECC56092BE436C9008E8A45 /* ImagesListViewController.swift in Sources */ = {isa = PBXBuildFile; fileRef = 8ECC56082BE436C9008E8A45 /* ImagesListViewController.swift */; };
		8ECC560C2BE436C9008E8A45 /* Main.storyboard in Resources */ = {isa = PBXBuildFile; fileRef = 8ECC560A2BE436C9008E8A45 /* Main.storyboard */; };
		8ECC560E2BE436CA008E8A45 /* Assets.xcassets in Resources */ = {isa = PBXBuildFile; fileRef = 8ECC560D2BE436CA008E8A45 /* Assets.xcassets */; };
		8ECC56112BE436CA008E8A45 /* LaunchScreen.storyboard in Resources */ = {isa = PBXBuildFile; fileRef = 8ECC560F2BE436CA008E8A45 /* LaunchScreen.storyboard */; };
		8EDCDF882BF81179000A1EF6 /* SingleImageViewController.swift in Sources */ = {isa = PBXBuildFile; fileRef = 8EDCDF872BF81179000A1EF6 /* SingleImageViewController.swift */; };
		8EE345482C2862E900172C00 /* Profile.swift in Sources */ = {isa = PBXBuildFile; fileRef = 8EE345472C2862E900172C00 /* Profile.swift */; };
		8EE3454A2C28632D00172C00 /* ProfileImage.swift in Sources */ = {isa = PBXBuildFile; fileRef = 8EE345492C28632D00172C00 /* ProfileImage.swift */; };
		8EE75B0B2C18F72D009DECF0 /* OAuthTokenResponseBody.swift in Sources */ = {isa = PBXBuildFile; fileRef = 8EE75B0A2C18F72D009DECF0 /* OAuthTokenResponseBody.swift */; };
		8EE75B0E2C18FA93009DECF0 /* URLSession+data.swift in Sources */ = {isa = PBXBuildFile; fileRef = 8EE75B0D2C18FA93009DECF0 /* URLSession+data.swift */; };
		8EEAF4502C1685D20049D796 /* SplashViewController.swift in Sources */ = {isa = PBXBuildFile; fileRef = 8EEAF44F2C1685D20049D796 /* SplashViewController.swift */; };
		8EEAF4542C1686060049D796 /* OAuth2Service.swift in Sources */ = {isa = PBXBuildFile; fileRef = 8EEAF4532C1686060049D796 /* OAuth2Service.swift */; };
		8EEAF4562C1686680049D796 /* OAuth2TokenStorage.swift in Sources */ = {isa = PBXBuildFile; fileRef = 8EEAF4552C1686680049D796 /* OAuth2TokenStorage.swift */; };
/* End PBXBuildFile section */

/* Begin PBXFileReference section */
		8E01CA142C1BB5D1001FA106 /* UIBlockingProgressHUD.swift */ = {isa = PBXFileReference; lastKnownFileType = sourcecode.swift; path = UIBlockingProgressHUD.swift; sourceTree = "<group>"; };
		8E01CA1D2C1C52E5001FA106 /* ProfileService.swift */ = {isa = PBXFileReference; lastKnownFileType = sourcecode.swift; path = ProfileService.swift; sourceTree = "<group>"; };
		8E01CA282C1FA018001FA106 /* ProfileImageService.swift */ = {isa = PBXFileReference; lastKnownFileType = sourcecode.swift; path = ProfileImageService.swift; sourceTree = "<group>"; };
		8E2C37642C1663AD009C2CCC /* AuthViewController.swift */ = {isa = PBXFileReference; lastKnownFileType = sourcecode.swift; path = AuthViewController.swift; sourceTree = "<group>"; };
		8E2C37662C1664BA009C2CCC /* WebViewViewController.swift */ = {isa = PBXFileReference; lastKnownFileType = sourcecode.swift; path = WebViewViewController.swift; sourceTree = "<group>"; };
		8E4C655C2C24C271004A148B /* ImageFeed.app */ = {isa = PBXFileReference; explicitFileType = wrapper.application; includeInIndex = 0; path = ImageFeed.app; sourceTree = BUILT_PRODUCTS_DIR; };
		8E4C656A2C24D9C7004A148B /* TabBarController.swift */ = {isa = PBXFileReference; lastKnownFileType = sourcecode.swift; path = TabBarController.swift; sourceTree = "<group>"; };
		8E6765A32BFD476600827FC2 /* Constants.swift */ = {isa = PBXFileReference; lastKnownFileType = sourcecode.swift; path = Constants.swift; sourceTree = "<group>"; };
		8E81B49F2BF7C79200436CB5 /* ProfileViewController.swift */ = {isa = PBXFileReference; lastKnownFileType = sourcecode.swift; path = ProfileViewController.swift; sourceTree = "<group>"; };
		8E85C6912BE9878600E7BAB7 /* ImagesListCell.swift */ = {isa = PBXFileReference; lastKnownFileType = sourcecode.swift; path = ImagesListCell.swift; sourceTree = "<group>"; };
		8E8ED7F92C1671FD008D25A7 /* WebViewViewControllerDelegate.swift */ = {isa = PBXFileReference; lastKnownFileType = sourcecode.swift; path = WebViewViewControllerDelegate.swift; sourceTree = "<group>"; };
		8ECC56042BE436C9008E8A45 /* AppDelegate.swift */ = {isa = PBXFileReference; lastKnownFileType = sourcecode.swift; path = AppDelegate.swift; sourceTree = "<group>"; };
		8ECC56062BE436C9008E8A45 /* SceneDelegate.swift */ = {isa = PBXFileReference; lastKnownFileType = sourcecode.swift; path = SceneDelegate.swift; sourceTree = "<group>"; };
		8ECC56082BE436C9008E8A45 /* ImagesListViewController.swift */ = {isa = PBXFileReference; lastKnownFileType = sourcecode.swift; path = ImagesListViewController.swift; sourceTree = "<group>"; };
		8ECC560B2BE436C9008E8A45 /* Base */ = {isa = PBXFileReference; lastKnownFileType = file.storyboard; name = Base; path = Base.lproj/Main.storyboard; sourceTree = "<group>"; };
		8ECC560D2BE436CA008E8A45 /* Assets.xcassets */ = {isa = PBXFileReference; lastKnownFileType = folder.assetcatalog; path = Assets.xcassets; sourceTree = "<group>"; };
		8ECC56102BE436CA008E8A45 /* Base */ = {isa = PBXFileReference; lastKnownFileType = file.storyboard; name = Base; path = Base.lproj/LaunchScreen.storyboard; sourceTree = "<group>"; };
		8ECC56122BE436CA008E8A45 /* Info.plist */ = {isa = PBXFileReference; lastKnownFileType = text.plist.xml; path = Info.plist; sourceTree = "<group>"; };
		8EDCDF872BF81179000A1EF6 /* SingleImageViewController.swift */ = {isa = PBXFileReference; lastKnownFileType = sourcecode.swift; path = SingleImageViewController.swift; sourceTree = "<group>"; };
		8EE345472C2862E900172C00 /* Profile.swift */ = {isa = PBXFileReference; lastKnownFileType = sourcecode.swift; path = Profile.swift; sourceTree = "<group>"; };
		8EE345492C28632D00172C00 /* ProfileImage.swift */ = {isa = PBXFileReference; lastKnownFileType = sourcecode.swift; path = ProfileImage.swift; sourceTree = "<group>"; };
		8EE75B0A2C18F72D009DECF0 /* OAuthTokenResponseBody.swift */ = {isa = PBXFileReference; lastKnownFileType = sourcecode.swift; path = OAuthTokenResponseBody.swift; sourceTree = "<group>"; };
		8EE75B0D2C18FA93009DECF0 /* URLSession+data.swift */ = {isa = PBXFileReference; lastKnownFileType = sourcecode.swift; path = "URLSession+data.swift"; sourceTree = "<group>"; };
		8EEAF44F2C1685D20049D796 /* SplashViewController.swift */ = {isa = PBXFileReference; lastKnownFileType = sourcecode.swift; path = SplashViewController.swift; sourceTree = "<group>"; };
		8EEAF4532C1686060049D796 /* OAuth2Service.swift */ = {isa = PBXFileReference; lastKnownFileType = sourcecode.swift; path = OAuth2Service.swift; sourceTree = "<group>"; };
		8EEAF4552C1686680049D796 /* OAuth2TokenStorage.swift */ = {isa = PBXFileReference; lastKnownFileType = sourcecode.swift; path = OAuth2TokenStorage.swift; sourceTree = "<group>"; };
/* End PBXFileReference section */

/* Begin PBXFrameworksBuildPhase section */
		8ECC55FE2BE436C9008E8A45 /* Frameworks */ = {
			isa = PBXFrameworksBuildPhase;
			buildActionMask = 2147483647;
			files = (
				8E4C65622C24C8C7004A148B /* Kingfisher in Frameworks */,
				8E2424C92C200890007F3B41 /* ProgressHUD in Frameworks */,
				8E4C65652C24D754004A148B /* SwiftKeychainWrapper in Frameworks */,
			);
			runOnlyForDeploymentPostprocessing = 0;
		};
/* End PBXFrameworksBuildPhase section */

/* Begin PBXGroup section */
		8E2C37632C166393009C2CCC /* Auth */ = {
			isa = PBXGroup;
			children = (
				8E01CA142C1BB5D1001FA106 /* UIBlockingProgressHUD.swift */,
				8E2C37642C1663AD009C2CCC /* AuthViewController.swift */,
				8E2C37662C1664BA009C2CCC /* WebViewViewController.swift */,
				8E8ED7F92C1671FD008D25A7 /* WebViewViewControllerDelegate.swift */,
			);
			path = Auth;
			sourceTree = "<group>";
		};
		8E4C65692C24D9BA004A148B /* TabBarController */ = {
			isa = PBXGroup;
			children = (
				8E4C656A2C24D9C7004A148B /* TabBarController.swift */,
			);
			path = TabBarController;
			sourceTree = "<group>";
		};
		8E81B49E2BF7C77F00436CB5 /* Profile */ = {
			isa = PBXGroup;
			children = (
				8E81B49F2BF7C79200436CB5 /* ProfileViewController.swift */,
				8E01CA1D2C1C52E5001FA106 /* ProfileService.swift */,
				8E01CA282C1FA018001FA106 /* ProfileImageService.swift */,
			);
			path = Profile;
			sourceTree = "<group>";
		};
		8E85C6932BE987B500E7BAB7 /* ImagesList */ = {
			isa = PBXGroup;
			children = (
				8ECC56082BE436C9008E8A45 /* ImagesListViewController.swift */,
				8E85C6912BE9878600E7BAB7 /* ImagesListCell.swift */,
			);
			path = ImagesList;
			sourceTree = "<group>";
		};
		8ECC55F82BE436C9008E8A45 = {
			isa = PBXGroup;
			children = (
				8ECC56032BE436C9008E8A45 /* ImageFeed */,
				8E4C655C2C24C271004A148B /* ImageFeed.app */,
			);
			sourceTree = "<group>";
		};
		8ECC56032BE436C9008E8A45 /* ImageFeed */ = {
			isa = PBXGroup;
			children = (
				8EE345462C2862C900172C00 /* Models */,
				8E4C65692C24D9BA004A148B /* TabBarController */,
				8EE75B0C2C18FA87009DECF0 /* Helpers */,
				8EDCDF862BF81121000A1EF6 /* SingleImage */,
				8E81B49E2BF7C77F00436CB5 /* Profile */,
				8E85C6932BE987B500E7BAB7 /* ImagesList */,
				8EEAF4512C1685DC0049D796 /* ServiceAccessLayer */,
				8EEAF44E2C1685B10049D796 /* SplashViewController */,
				8E2C37632C166393009C2CCC /* Auth */,
				8ECC56042BE436C9008E8A45 /* AppDelegate.swift */,
				8ECC56062BE436C9008E8A45 /* SceneDelegate.swift */,
				8E6765A32BFD476600827FC2 /* Constants.swift */,
				8ECC560A2BE436C9008E8A45 /* Main.storyboard */,
				8ECC560D2BE436CA008E8A45 /* Assets.xcassets */,
				8ECC560F2BE436CA008E8A45 /* LaunchScreen.storyboard */,
				8ECC56122BE436CA008E8A45 /* Info.plist */,
			);
			path = ImageFeed;
			sourceTree = "<group>";
		};
		8EDCDF862BF81121000A1EF6 /* SingleImage */ = {
			isa = PBXGroup;
			children = (
				8EDCDF872BF81179000A1EF6 /* SingleImageViewController.swift */,
			);
			path = SingleImage;
			sourceTree = "<group>";
		};
		8EE345462C2862C900172C00 /* Models */ = {
			isa = PBXGroup;
			children = (
				8EE345472C2862E900172C00 /* Profile.swift */,
				8EE345492C28632D00172C00 /* ProfileImage.swift */,
			);
			path = Models;
			sourceTree = "<group>";
		};
		8EE75B0C2C18FA87009DECF0 /* Helpers */ = {
			isa = PBXGroup;
			children = (
				8EE75B0D2C18FA93009DECF0 /* URLSession+data.swift */,
			);
			path = Helpers;
			sourceTree = "<group>";
		};
		8EEAF44E2C1685B10049D796 /* SplashViewController */ = {
			isa = PBXGroup;
			children = (
				8EEAF44F2C1685D20049D796 /* SplashViewController.swift */,
			);
			path = SplashViewController;
			sourceTree = "<group>";
		};
		8EEAF4512C1685DC0049D796 /* ServiceAccessLayer */ = {
			isa = PBXGroup;
			children = (
				8EEAF4522C1685EC0049D796 /* OAuth2 */,
			);
			path = ServiceAccessLayer;
			sourceTree = "<group>";
		};
		8EEAF4522C1685EC0049D796 /* OAuth2 */ = {
			isa = PBXGroup;
			children = (
				8EE75B0A2C18F72D009DECF0 /* OAuthTokenResponseBody.swift */,
				8EEAF4532C1686060049D796 /* OAuth2Service.swift */,
				8EEAF4552C1686680049D796 /* OAuth2TokenStorage.swift */,
			);
			path = OAuth2;
			sourceTree = "<group>";
		};
/* End PBXGroup section */

/* Begin PBXNativeTarget section */
		8ECC56002BE436C9008E8A45 /* ImageFeed */ = {
			isa = PBXNativeTarget;
			buildConfigurationList = 8ECC56152BE436CA008E8A45 /* Build configuration list for PBXNativeTarget "ImageFeed" */;
			buildPhases = (
				8ECC55FD2BE436C9008E8A45 /* Sources */,
				8ECC55FE2BE436C9008E8A45 /* Frameworks */,
				8ECC55FF2BE436C9008E8A45 /* Resources */,
			);
			buildRules = (
			);
			dependencies = (
			);
			name = ImageFeed;
			packageProductDependencies = (
				8E2424C82C200890007F3B41 /* ProgressHUD */,
				8E4C65612C24C8C7004A148B /* Kingfisher */,
				8E4C65642C24D754004A148B /* SwiftKeychainWrapper */,
			);
			productName = ImageFeed;
			productReference = 8E4C655C2C24C271004A148B /* ImageFeed.app */;
			productType = "com.apple.product-type.application";
		};
/* End PBXNativeTarget section */

/* Begin PBXProject section */
		8ECC55F92BE436C9008E8A45 /* Project object */ = {
			isa = PBXProject;
			attributes = {
				BuildIndependentTargetsInParallel = 1;
				LastSwiftUpdateCheck = 1430;
				LastUpgradeCheck = 1430;
				TargetAttributes = {
					8ECC56002BE436C9008E8A45 = {
						CreatedOnToolsVersion = 14.3.1;
					};
				};
			};
			buildConfigurationList = 8ECC55FC2BE436C9008E8A45 /* Build configuration list for PBXProject "ImageFeed" */;
			compatibilityVersion = "Xcode 14.0";
			developmentRegion = en;
			hasScannedForEncodings = 0;
			knownRegions = (
				en,
				Base,
			);
			mainGroup = 8ECC55F82BE436C9008E8A45;
			packageReferences = (
				8E2424C72C200890007F3B41 /* XCRemoteSwiftPackageReference "ProgressHUD" */,
				8E4C65602C24C8C7004A148B /* XCRemoteSwiftPackageReference "Kingfisher" */,
				8E4C65632C24D754004A148B /* XCRemoteSwiftPackageReference "SwiftKeychainWrapper" */,
			);
			productRefGroup = 8ECC55F82BE436C9008E8A45;
			projectDirPath = "";
			projectRoot = "";
			targets = (
				8ECC56002BE436C9008E8A45 /* ImageFeed */,
			);
		};
/* End PBXProject section */

/* Begin PBXResourcesBuildPhase section */
		8ECC55FF2BE436C9008E8A45 /* Resources */ = {
			isa = PBXResourcesBuildPhase;
			buildActionMask = 2147483647;
			files = (
				8ECC56112BE436CA008E8A45 /* LaunchScreen.storyboard in Resources */,
				8ECC560E2BE436CA008E8A45 /* Assets.xcassets in Resources */,
				8ECC560C2BE436C9008E8A45 /* Main.storyboard in Resources */,
			);
			runOnlyForDeploymentPostprocessing = 0;
		};
/* End PBXResourcesBuildPhase section */

/* Begin PBXSourcesBuildPhase section */
		8ECC55FD2BE436C9008E8A45 /* Sources */ = {
			isa = PBXSourcesBuildPhase;
			buildActionMask = 2147483647;
			files = (
				8ECC56092BE436C9008E8A45 /* ImagesListViewController.swift in Sources */,
				8EE345482C2862E900172C00 /* Profile.swift in Sources */,
				8EE75B0B2C18F72D009DECF0 /* OAuthTokenResponseBody.swift in Sources */,
				8E8ED7FA2C1671FD008D25A7 /* WebViewViewControllerDelegate.swift in Sources */,
				8E01CA152C1BB5D1001FA106 /* UIBlockingProgressHUD.swift in Sources */,
				8EEAF4542C1686060049D796 /* OAuth2Service.swift in Sources */,
				8E85C6922BE9878600E7BAB7 /* ImagesListCell.swift in Sources */,
				8E81B4A02BF7C79200436CB5 /* ProfileViewController.swift in Sources */,
				8E01CA1E2C1C52E5001FA106 /* ProfileService.swift in Sources */,
				8ECC56052BE436C9008E8A45 /* AppDelegate.swift in Sources */,
				8E2C37652C1663AD009C2CCC /* AuthViewController.swift in Sources */,
				8E4C656B2C24D9C7004A148B /* TabBarController.swift in Sources */,
				8E6765A42BFD476600827FC2 /* Constants.swift in Sources */,
				8EDCDF882BF81179000A1EF6 /* SingleImageViewController.swift in Sources */,
				8E2C37672C1664BA009C2CCC /* WebViewViewController.swift in Sources */,
				8ECC56072BE436C9008E8A45 /* SceneDelegate.swift in Sources */,
				8EE3454A2C28632D00172C00 /* ProfileImage.swift in Sources */,
				8EE75B0E2C18FA93009DECF0 /* URLSession+data.swift in Sources */,
				8E01CA292C1FA018001FA106 /* ProfileImageService.swift in Sources */,
				8EEAF4562C1686680049D796 /* OAuth2TokenStorage.swift in Sources */,
				8EEAF4502C1685D20049D796 /* SplashViewController.swift in Sources */,
			);
			runOnlyForDeploymentPostprocessing = 0;
		};
/* End PBXSourcesBuildPhase section */

/* Begin PBXVariantGroup section */
		8ECC560A2BE436C9008E8A45 /* Main.storyboard */ = {
			isa = PBXVariantGroup;
			children = (
				8ECC560B2BE436C9008E8A45 /* Base */,
			);
			name = Main.storyboard;
			sourceTree = "<group>";
		};
		8ECC560F2BE436CA008E8A45 /* LaunchScreen.storyboard */ = {
			isa = PBXVariantGroup;
			children = (
				8ECC56102BE436CA008E8A45 /* Base */,
			);
			name = LaunchScreen.storyboard;
			sourceTree = "<group>";
		};
/* End PBXVariantGroup section */

/* Begin XCBuildConfiguration section */
		8ECC56132BE436CA008E8A45 /* Debug */ = {
			isa = XCBuildConfiguration;
			buildSettings = {
				ALWAYS_SEARCH_USER_PATHS = NO;
				CLANG_ANALYZER_NONNULL = YES;
				CLANG_ANALYZER_NUMBER_OBJECT_CONVERSION = YES_AGGRESSIVE;
				CLANG_CXX_LANGUAGE_STANDARD = "gnu++20";
				CLANG_ENABLE_MODULES = YES;
				CLANG_ENABLE_OBJC_ARC = YES;
				CLANG_ENABLE_OBJC_WEAK = YES;
				CLANG_WARN_BLOCK_CAPTURE_AUTORELEASING = YES;
				CLANG_WARN_BOOL_CONVERSION = YES;
				CLANG_WARN_COMMA = YES;
				CLANG_WARN_CONSTANT_CONVERSION = YES;
				CLANG_WARN_DEPRECATED_OBJC_IMPLEMENTATIONS = YES;
				CLANG_WARN_DIRECT_OBJC_ISA_USAGE = YES_ERROR;
				CLANG_WARN_DOCUMENTATION_COMMENTS = YES;
				CLANG_WARN_EMPTY_BODY = YES;
				CLANG_WARN_ENUM_CONVERSION = YES;
				CLANG_WARN_INFINITE_RECURSION = YES;
				CLANG_WARN_INT_CONVERSION = YES;
				CLANG_WARN_NON_LITERAL_NULL_CONVERSION = YES;
				CLANG_WARN_OBJC_IMPLICIT_RETAIN_SELF = YES;
				CLANG_WARN_OBJC_LITERAL_CONVERSION = YES;
				CLANG_WARN_OBJC_ROOT_CLASS = YES_ERROR;
				CLANG_WARN_QUOTED_INCLUDE_IN_FRAMEWORK_HEADER = YES;
				CLANG_WARN_RANGE_LOOP_ANALYSIS = YES;
				CLANG_WARN_STRICT_PROTOTYPES = YES;
				CLANG_WARN_SUSPICIOUS_MOVE = YES;
				CLANG_WARN_UNGUARDED_AVAILABILITY = YES_AGGRESSIVE;
				CLANG_WARN_UNREACHABLE_CODE = YES;
				CLANG_WARN__DUPLICATE_METHOD_MATCH = YES;
				COPY_PHASE_STRIP = NO;
				DEBUG_INFORMATION_FORMAT = dwarf;
				ENABLE_STRICT_OBJC_MSGSEND = YES;
				ENABLE_TESTABILITY = YES;
				GCC_C_LANGUAGE_STANDARD = gnu11;
				GCC_DYNAMIC_NO_PIC = NO;
				GCC_NO_COMMON_BLOCKS = YES;
				GCC_OPTIMIZATION_LEVEL = 0;
				GCC_PREPROCESSOR_DEFINITIONS = (
					"DEBUG=1",
					"$(inherited)",
				);
				GCC_WARN_64_TO_32_BIT_CONVERSION = YES;
				GCC_WARN_ABOUT_RETURN_TYPE = YES_ERROR;
				GCC_WARN_UNDECLARED_SELECTOR = YES;
				GCC_WARN_UNINITIALIZED_AUTOS = YES_AGGRESSIVE;
				GCC_WARN_UNUSED_FUNCTION = YES;
				GCC_WARN_UNUSED_VARIABLE = YES;
				IPHONEOS_DEPLOYMENT_TARGET = 16.4;
				MTL_ENABLE_DEBUG_INFO = INCLUDE_SOURCE;
				MTL_FAST_MATH = YES;
				ONLY_ACTIVE_ARCH = YES;
				SDKROOT = iphoneos;
				SWIFT_ACTIVE_COMPILATION_CONDITIONS = DEBUG;
				SWIFT_OPTIMIZATION_LEVEL = "-Onone";
			};
			name = Debug;
		};
		8ECC56142BE436CA008E8A45 /* Release */ = {
			isa = XCBuildConfiguration;
			buildSettings = {
				ALWAYS_SEARCH_USER_PATHS = NO;
				CLANG_ANALYZER_NONNULL = YES;
				CLANG_ANALYZER_NUMBER_OBJECT_CONVERSION = YES_AGGRESSIVE;
				CLANG_CXX_LANGUAGE_STANDARD = "gnu++20";
				CLANG_ENABLE_MODULES = YES;
				CLANG_ENABLE_OBJC_ARC = YES;
				CLANG_ENABLE_OBJC_WEAK = YES;
				CLANG_WARN_BLOCK_CAPTURE_AUTORELEASING = YES;
				CLANG_WARN_BOOL_CONVERSION = YES;
				CLANG_WARN_COMMA = YES;
				CLANG_WARN_CONSTANT_CONVERSION = YES;
				CLANG_WARN_DEPRECATED_OBJC_IMPLEMENTATIONS = YES;
				CLANG_WARN_DIRECT_OBJC_ISA_USAGE = YES_ERROR;
				CLANG_WARN_DOCUMENTATION_COMMENTS = YES;
				CLANG_WARN_EMPTY_BODY = YES;
				CLANG_WARN_ENUM_CONVERSION = YES;
				CLANG_WARN_INFINITE_RECURSION = YES;
				CLANG_WARN_INT_CONVERSION = YES;
				CLANG_WARN_NON_LITERAL_NULL_CONVERSION = YES;
				CLANG_WARN_OBJC_IMPLICIT_RETAIN_SELF = YES;
				CLANG_WARN_OBJC_LITERAL_CONVERSION = YES;
				CLANG_WARN_OBJC_ROOT_CLASS = YES_ERROR;
				CLANG_WARN_QUOTED_INCLUDE_IN_FRAMEWORK_HEADER = YES;
				CLANG_WARN_RANGE_LOOP_ANALYSIS = YES;
				CLANG_WARN_STRICT_PROTOTYPES = YES;
				CLANG_WARN_SUSPICIOUS_MOVE = YES;
				CLANG_WARN_UNGUARDED_AVAILABILITY = YES_AGGRESSIVE;
				CLANG_WARN_UNREACHABLE_CODE = YES;
				CLANG_WARN__DUPLICATE_METHOD_MATCH = YES;
				COPY_PHASE_STRIP = NO;
				DEBUG_INFORMATION_FORMAT = "dwarf-with-dsym";
				ENABLE_NS_ASSERTIONS = NO;
				ENABLE_STRICT_OBJC_MSGSEND = YES;
				GCC_C_LANGUAGE_STANDARD = gnu11;
				GCC_NO_COMMON_BLOCKS = YES;
				GCC_WARN_64_TO_32_BIT_CONVERSION = YES;
				GCC_WARN_ABOUT_RETURN_TYPE = YES_ERROR;
				GCC_WARN_UNDECLARED_SELECTOR = YES;
				GCC_WARN_UNINITIALIZED_AUTOS = YES_AGGRESSIVE;
				GCC_WARN_UNUSED_FUNCTION = YES;
				GCC_WARN_UNUSED_VARIABLE = YES;
				IPHONEOS_DEPLOYMENT_TARGET = 16.4;
				MTL_ENABLE_DEBUG_INFO = NO;
				MTL_FAST_MATH = YES;
				SDKROOT = iphoneos;
				SWIFT_COMPILATION_MODE = wholemodule;
				SWIFT_OPTIMIZATION_LEVEL = "-O";
				VALIDATE_PRODUCT = YES;
			};
			name = Release;
		};
		8ECC56162BE436CA008E8A45 /* Debug */ = {
			isa = XCBuildConfiguration;
			buildSettings = {
				ASSETCATALOG_COMPILER_APPICON_NAME = AppIcon;
				ASSETCATALOG_COMPILER_GLOBAL_ACCENT_COLOR_NAME = AccentColor;
				CODE_SIGN_STYLE = Automatic;
				CURRENT_PROJECT_VERSION = 1;
				DEVELOPMENT_TEAM = 5AZ59LLP74;
				GENERATE_INFOPLIST_FILE = YES;
				INFOPLIST_FILE = ImageFeed/Info.plist;
				INFOPLIST_KEY_UIApplicationSupportsIndirectInputEvents = YES;
				INFOPLIST_KEY_UILaunchStoryboardName = LaunchScreen;
				INFOPLIST_KEY_UIMainStoryboardFile = Main;
				INFOPLIST_KEY_UISupportedInterfaceOrientations = UIInterfaceOrientationPortrait;
				IPHONEOS_DEPLOYMENT_TARGET = 13.0;
				LD_RUNPATH_SEARCH_PATHS = (
					"$(inherited)",
					"@executable_path/Frameworks",
				);
				MARKETING_VERSION = 1.0;
				PRODUCT_BUNDLE_IDENTIFIER = ru.yandex.ImageFeed;
				PRODUCT_NAME = "$(TARGET_NAME)";
				SUPPORTED_PLATFORMS = "iphoneos iphonesimulator";
				SUPPORTS_MACCATALYST = NO;
				SUPPORTS_MAC_DESIGNED_FOR_IPHONE_IPAD = YES;
				SWIFT_EMIT_LOC_STRINGS = YES;
				SWIFT_VERSION = 5.0;
				TARGETED_DEVICE_FAMILY = 1;
			};
			name = Debug;
		};
		8ECC56172BE436CA008E8A45 /* Release */ = {
			isa = XCBuildConfiguration;
			buildSettings = {
				ASSETCATALOG_COMPILER_APPICON_NAME = AppIcon;
				ASSETCATALOG_COMPILER_GLOBAL_ACCENT_COLOR_NAME = AccentColor;
				CODE_SIGN_STYLE = Automatic;
				CURRENT_PROJECT_VERSION = 1;
				DEVELOPMENT_TEAM = 5AZ59LLP74;
				GENERATE_INFOPLIST_FILE = YES;
				INFOPLIST_FILE = ImageFeed/Info.plist;
				INFOPLIST_KEY_UIApplicationSupportsIndirectInputEvents = YES;
				INFOPLIST_KEY_UILaunchStoryboardName = LaunchScreen;
				INFOPLIST_KEY_UIMainStoryboardFile = Main;
				INFOPLIST_KEY_UISupportedInterfaceOrientations = UIInterfaceOrientationPortrait;
				IPHONEOS_DEPLOYMENT_TARGET = 13.0;
				LD_RUNPATH_SEARCH_PATHS = (
					"$(inherited)",
					"@executable_path/Frameworks",
				);
				MARKETING_VERSION = 1.0;
				PRODUCT_BUNDLE_IDENTIFIER = ru.yandex.ImageFeed;
				PRODUCT_NAME = "$(TARGET_NAME)";
				SUPPORTED_PLATFORMS = "iphoneos iphonesimulator";
				SUPPORTS_MACCATALYST = NO;
				SUPPORTS_MAC_DESIGNED_FOR_IPHONE_IPAD = YES;
				SWIFT_EMIT_LOC_STRINGS = YES;
				SWIFT_VERSION = 5.0;
				TARGETED_DEVICE_FAMILY = 1;
			};
			name = Release;
		};
/* End XCBuildConfiguration section */

/* Begin XCConfigurationList section */
		8ECC55FC2BE436C9008E8A45 /* Build configuration list for PBXProject "ImageFeed" */ = {
			isa = XCConfigurationList;
			buildConfigurations = (
				8ECC56132BE436CA008E8A45 /* Debug */,
				8ECC56142BE436CA008E8A45 /* Release */,
			);
			defaultConfigurationIsVisible = 0;
			defaultConfigurationName = Release;
		};
		8ECC56152BE436CA008E8A45 /* Build configuration list for PBXNativeTarget "ImageFeed" */ = {
			isa = XCConfigurationList;
			buildConfigurations = (
				8ECC56162BE436CA008E8A45 /* Debug */,
				8ECC56172BE436CA008E8A45 /* Release */,
			);
			defaultConfigurationIsVisible = 0;
			defaultConfigurationName = Release;
		};
/* End XCConfigurationList section */

/* Begin XCRemoteSwiftPackageReference section */
		8E2424C72C200890007F3B41 /* XCRemoteSwiftPackageReference "ProgressHUD" */ = {
			isa = XCRemoteSwiftPackageReference;
			repositoryURL = "https://github.com/relatedcode/ProgressHUD";
			requirement = {
				kind = exactVersion;
				version = 13.8.6;
			};
		};
		8E4C65602C24C8C7004A148B /* XCRemoteSwiftPackageReference "Kingfisher" */ = {
			isa = XCRemoteSwiftPackageReference;
			repositoryURL = "https://github.com/onevcat/Kingfisher.git";
			requirement = {
				kind = exactVersion;
				version = 7.12.0;
			};
		};
		8E4C65632C24D754004A148B /* XCRemoteSwiftPackageReference "SwiftKeychainWrapper" */ = {
			isa = XCRemoteSwiftPackageReference;
			repositoryURL = "https://github.com/jrendel/SwiftKeychainWrapper";
			requirement = {
				kind = exactVersion;
				version = 4.0.1;
			};
		};
/* End XCRemoteSwiftPackageReference section */

/* Begin XCSwiftPackageProductDependency section */
		8E2424C82C200890007F3B41 /* ProgressHUD */ = {
			isa = XCSwiftPackageProductDependency;
			package = 8E2424C72C200890007F3B41 /* XCRemoteSwiftPackageReference "ProgressHUD" */;
			productName = ProgressHUD;
		};
		8E4C65612C24C8C7004A148B /* Kingfisher */ = {
			isa = XCSwiftPackageProductDependency;
			package = 8E4C65602C24C8C7004A148B /* XCRemoteSwiftPackageReference "Kingfisher" */;
			productName = Kingfisher;
		};
		8E4C65642C24D754004A148B /* SwiftKeychainWrapper */ = {
			isa = XCSwiftPackageProductDependency;
			package = 8E4C65632C24D754004A148B /* XCRemoteSwiftPackageReference "SwiftKeychainWrapper" */;
			productName = SwiftKeychainWrapper;
		};
/* End XCSwiftPackageProductDependency section */
	};
	rootObject = 8ECC55F92BE436C9008E8A45 /* Project object */;
}
